
Microsoft Visual Studio Solution File, Format Version 11.00
# Visual Studio 2010
Project("{FAE04EC0-301F-11D3-BF4B-00C04F79EFBC}") = "HoloHealth", "Assembly-CSharp.csproj", "{13367A74-3768-873D-195E-4646493E907F}"
EndProject
Project("{FAE04EC0-301F-11D3-BF4B-00C04F79EFBC}") = "HoloHealth", "Assembly-CSharp-Editor.csproj", "{80B304B5-4DB8-D1CD-2F00-C9F59F4AF3F8}"
EndProject
Global
	GlobalSection(SolutionConfigurationPlatforms) = preSolution
		Debug|Any CPU = Debug|Any CPU
		Release|Any CPU = Release|Any CPU
	EndGlobalSection
	GlobalSection(ProjectConfigurationPlatforms) = postSolution
		{13367A74-3768-873D-195E-4646493E907F}.Debug|Any CPU.ActiveCfg = Debug|Any CPU
		{13367A74-3768-873D-195E-4646493E907F}.Debug|Any CPU.Build.0 = Debug|Any CPU
		{13367A74-3768-873D-195E-4646493E907F}.Release|Any CPU.ActiveCfg = Release|Any CPU
		{13367A74-3768-873D-195E-4646493E907F}.Release|Any CPU.Build.0 = Release|Any CPU
		{80B304B5-4DB8-D1CD-2F00-C9F59F4AF3F8}.Debug|Any CPU.ActiveCfg = Debug|Any CPU
		{80B304B5-4DB8-D1CD-2F00-C9F59F4AF3F8}.Debug|Any CPU.Build.0 = Debug|Any CPU
		{80B304B5-4DB8-D1CD-2F00-C9F59F4AF3F8}.Release|Any CPU.ActiveCfg = Release|Any CPU
		{80B304B5-4DB8-D1CD-2F00-C9F59F4AF3F8}.Release|Any CPU.Build.0 = Release|Any CPU
	EndGlobalSection
	GlobalSection(SolutionProperties) = preSolution
		HideSolutionNode = FALSE
	EndGlobalSection
	GlobalSection(MonoDevelopProperties) = preSolution
		StartupItem = Assembly-CSharp.csproj
	EndGlobalSection
EndGlobal
